// !$*UTF8*$!
{
	archiveVersion = 1;
	classes = {
	};
	objectVersion = 77;
	objects = {

/* Begin PBXBuildFile section */
		05FDAEC033E4DCC0DF29567B /* NextScheduleCard.swift in Sources */ = {isa = PBXBuildFile; fileRef = 77AD5ECDADC1030848A204EF /* NextScheduleCard.swift */; };
		073D9557E253F67F0F68EF7F /* ScheduleEditorView.swift in Sources */ = {isa = PBXBuildFile; fileRef = 09CACB2946DEE398B7959B5A /* ScheduleEditorView.swift */; };
		103F3EE57604C510F0A388BE /* NoopBlockingEngine.swift in Sources */ = {isa = PBXBuildFile; fileRef = 3E98561A891720BA1268508C /* NoopBlockingEngine.swift */; };
		10968BDE652908473BF2C9B0 /* LockinFocusApp.swift in Sources */ = {isa = PBXBuildFile; fileRef = 2C98439901996EBD355FA5E6 /* LockinFocusApp.swift */; };
		10C18ED3BA5D207FBD3F1051 /* ShieldConfigurationProvider.swift in Sources */ = {isa = PBXBuildFile; fileRef = 818F5F39328805D4299B7C0A /* ShieldConfigurationProvider.swift */; };
		12752E27337E1CEA91A0C596 /* AppColors.swift in Sources */ = {isa = PBXBuildFile; fileRef = C1078C15B7FA34E4A0316FC2 /* AppColors.swift */; };
		12D2868003BD697FBDDBDA5D /* DeviceActivityMonitorExtension.appex in Embed Foundation Extensions */ = {isa = PBXBuildFile; fileRef = B21B03DBE1A6A641C55A2A60 /* DeviceActivityMonitorExtension.appex */; settings = {ATTRIBUTES = (RemoveHeadersOnCopy, ); }; };
		15A2572B233A4B00C51B4DED /* MonitoringEngine.swift in Sources */ = {isa = PBXBuildFile; fileRef = A3229573037A43175F6707FD /* MonitoringEngine.swift */; };
		1C6243ABC5EF8F5F8997149F /* AppPickerStepView.swift in Sources */ = {isa = PBXBuildFile; fileRef = F582104A00AAE1F741840688 /* AppPickerStepView.swift */; };
		236CCA3D4F5FC447D9885EE9 /* ManagedSettingsBlockingEngine.swift in Sources */ = {isa = PBXBuildFile; fileRef = 628039D4169A9DA2D47BC702 /* ManagedSettingsBlockingEngine.swift */; };
		284EC66ED4379A53492ABFBD /* SettingsView.swift in Sources */ = {isa = PBXBuildFile; fileRef = 312C4FD8B6F1F74B2701ACC7 /* SettingsView.swift */; };
		29C56DD996F19DB60E2ED59A /* ShieldActionExtensionHandler.swift in Sources */ = {isa = PBXBuildFile; fileRef = D510AD77C91E399B077AEFF2 /* ShieldActionExtensionHandler.swift */; };
		2BF33A4516412E2DA79A7A82 /* PersistenceStore.swift in Sources */ = {isa = PBXBuildFile; fileRef = 1E7B1E5977DDCA3095F43430 /* PersistenceStore.swift */; };
		2C23D02DF5918E02867EC485 /* UserDefaultsPersistenceStore.swift in Sources */ = {isa = PBXBuildFile; fileRef = 74D1539DA2D384D2D62CC417 /* UserDefaultsPersistenceStore.swift */; };
		2D38E23C2603AB9D12F69426 /* NoopMonitoringEngine.swift in Sources */ = {isa = PBXBuildFile; fileRef = 5D52573B47BF888347673235 /* NoopMonitoringEngine.swift */; };
		3C304CF359FD3B6CAD2536AE /* PersistenceKeys.swift in Sources */ = {isa = PBXBuildFile; fileRef = E49B4876E342317AB4383709 /* PersistenceKeys.swift */; };
		46D1B9D0F3B3804A178B1379 /* ValueStepView.swift in Sources */ = {isa = PBXBuildFile; fileRef = D5F6FDCAB053901C238ABF42 /* ValueStepView.swift */; };
		4A8BFAB4BBAF79952F58C636 /* AppGroup.swift in Sources */ = {isa = PBXBuildFile; fileRef = 30B8BE7E92D981AB99567935 /* AppGroup.swift */; };
		534327B8530619B9CEB3BEA3 /* AuthorizationStepView.swift in Sources */ = {isa = PBXBuildFile; fileRef = F79ABA2AFED8F1277D0C9967 /* AuthorizationStepView.swift */; };
		5ADB81EF4E1557A05E1BC220 /* ScheduleStepView.swift in Sources */ = {isa = PBXBuildFile; fileRef = DFAB627C6CEEA8F81B3715C5 /* ScheduleStepView.swift */; };
		64B2478D22AF15DAF5464A65 /* DeviceActivityMonitorExtension.swift in Sources */ = {isa = PBXBuildFile; fileRef = C0366439E43C7603508733E5 /* DeviceActivityMonitorExtension.swift */; };
		6C9FB985622F2E3DA37EA0B4 /* Assets.xcassets in Resources */ = {isa = PBXBuildFile; fileRef = 64DCB7C6B83A9A92D0190785 /* Assets.xcassets */; };
		71D90CAEFBE9D462D47F33BA /* FocusScoreCard.swift in Sources */ = {isa = PBXBuildFile; fileRef = 295A2BDDA79EC295EC174FDD /* FocusScoreCard.swift */; };
		77ABD5DFA6C9FA330FAA4EE2 /* RootView.swift in Sources */ = {isa = PBXBuildFile; fileRef = 749BEF23E0F08587B35F4C60 /* RootView.swift */; };
		77FA946FD4B7924EFA9B9A6B /* DashboardView.swift in Sources */ = {isa = PBXBuildFile; fileRef = 12C78B4527F59D699D95EA69 /* DashboardView.swift */; };
		7E615D3F8B44901457020ECF /* InterceptEvent.swift in Sources */ = {isa = PBXBuildFile; fileRef = D79F31DC7BC0D1A09FE9EF0A /* InterceptEvent.swift */; };
		8CB2A2D1AF3CE2C3C928B5B9 /* ShieldConfigurationExtension.appex in Embed Foundation Extensions */ = {isa = PBXBuildFile; fileRef = C4B2D87F644E569567E450FD /* ShieldConfigurationExtension.appex */; settings = {ATTRIBUTES = (RemoveHeadersOnCopy, ); }; };
		9132B7BD9976599A5BCDF218 /* SecondaryLinkButton.swift in Sources */ = {isa = PBXBuildFile; fileRef = 602472ED29E475EA09BB034D /* SecondaryLinkButton.swift */; };
		9A10EC44DF5A8B68FCCB9808 /* InMemoryPersistenceStore.swift in Sources */ = {isa = PBXBuildFile; fileRef = 5E6E9C83DAEDDF5985FF50AC /* InMemoryPersistenceStore.swift */; };
		B749D701269FDF99AAC6D22B /* DeviceActivityMonitoringEngine.swift in Sources */ = {isa = PBXBuildFile; fileRef = D5750899AE35A97DD30F8754 /* DeviceActivityMonitoringEngine.swift */; };
		B8388129C92E770E27A621C3 /* AppDependencies.swift in Sources */ = {isa = PBXBuildFile; fileRef = 20030115AE19410F1CB31C87 /* AppDependencies.swift */; };
		C0E0119CDC4634E19C816FF6 /* ExtensionAppGroup.swift in Sources */ = {isa = PBXBuildFile; fileRef = A0AF3C1C8AB416111F45B070 /* ExtensionAppGroup.swift */; };
		C70A9B22099EB5DDB948F0B4 /* BlockingEngine.swift in Sources */ = {isa = PBXBuildFile; fileRef = 0B493A9B4412E6ACEF1DF5CE /* BlockingEngine.swift */; };
		C87365B84FA412A015C6B684 /* OnboardingContainerView.swift in Sources */ = {isa = PBXBuildFile; fileRef = D7D634F8479230A276E0C4C2 /* OnboardingContainerView.swift */; };
		C97D75BF6A1801E6E1601913 /* SystemPresetStepView.swift in Sources */ = {isa = PBXBuildFile; fileRef = DCD87A150B94B41D1B7A9A56 /* SystemPresetStepView.swift */; };
		D52A2858B5099E931374A6C1 /* Schedule.swift in Sources */ = {isa = PBXBuildFile; fileRef = CD37ADA464FC5C7889B973DC /* Schedule.swift */; };
		D5AE20AB3517B60B9A48F812 /* InterceptView.swift in Sources */ = {isa = PBXBuildFile; fileRef = 3AFDDD12B219434BC5E0D7C6 /* InterceptView.swift */; };
		D619D9EC23F6AE1C4D76F9D4 /* AppSelectionView.swift in Sources */ = {isa = PBXBuildFile; fileRef = 47EB10BEBF04307CB751C5E3 /* AppSelectionView.swift */; };
		E4F139715842E283EF4AA863 /* PrimaryButton.swift in Sources */ = {isa = PBXBuildFile; fileRef = 4D0CF2E38F552EFDDD527D5B /* PrimaryButton.swift */; };
		EB8CDD8D374E862BC4E4E232 /* AppDependencies+Live.swift in Sources */ = {isa = PBXBuildFile; fileRef = 1D8C2BF3EB1E5C2A78CA352B /* AppDependencies+Live.swift */; };
		F4C102EA0740E14360BE1E4F /* ShieldActionExtension.appex in Embed Foundation Extensions */ = {isa = PBXBuildFile; fileRef = A5FD3CF96E22F2F6DFE5EDCB /* ShieldActionExtension.appex */; settings = {ATTRIBUTES = (RemoveHeadersOnCopy, ); }; };
		F96DB2B2C6603B8E709293BB /* AllowedAppsCard.swift in Sources */ = {isa = PBXBuildFile; fileRef = 2EC34718370D9DBDAD5004B5 /* AllowedAppsCard.swift */; };
/* End PBXBuildFile section */

/* Begin PBXContainerItemProxy section */
		3B38082943CA2135B4071D5C /* PBXContainerItemProxy */ = {
			isa = PBXContainerItemProxy;
			containerPortal = 7B3D31C5B089A4B068D75314 /* Project object */;
			proxyType = 1;
			remoteGlobalIDString = 5556ADC12CE1A0A296D97A1E;
			remoteInfo = ShieldConfigurationExtension;
		};
		8C14716C6374FD9E622611C2 /* PBXContainerItemProxy */ = {
			isa = PBXContainerItemProxy;
			containerPortal = 7B3D31C5B089A4B068D75314 /* Project object */;
			proxyType = 1;
			remoteGlobalIDString = 3169D889DAFA1ED17F275495;
			remoteInfo = DeviceActivityMonitorExtension;
		};
		D3074F401C86DCD555DD4007 /* PBXContainerItemProxy */ = {
			isa = PBXContainerItemProxy;
			containerPortal = 7B3D31C5B089A4B068D75314 /* Project object */;
			proxyType = 1;
			remoteGlobalIDString = 8777F31CC6233B0D6ADB9F7D;
			remoteInfo = ShieldActionExtension;
		};
/* End PBXContainerItemProxy section */

/* Begin PBXCopyFilesBuildPhase section */
		DC0948E32E72934B0EDDD28A /* Embed Foundation Extensions */ = {
			isa = PBXCopyFilesBuildPhase;
			buildActionMask = 2147483647;
			dstPath = "";
			dstSubfolderSpec = 13;
			files = (
				12D2868003BD697FBDDBDA5D /* DeviceActivityMonitorExtension.appex in Embed Foundation Extensions */,
				8CB2A2D1AF3CE2C3C928B5B9 /* ShieldConfigurationExtension.appex in Embed Foundation Extensions */,
				F4C102EA0740E14360BE1E4F /* ShieldActionExtension.appex in Embed Foundation Extensions */,
			);
			name = "Embed Foundation Extensions";
			runOnlyForDeploymentPostprocessing = 0;
		};
/* End PBXCopyFilesBuildPhase section */

/* Begin PBXFileReference section */
		09CACB2946DEE398B7959B5A /* ScheduleEditorView.swift */ = {isa = PBXFileReference; lastKnownFileType = sourcecode.swift; path = ScheduleEditorView.swift; sourceTree = "<group>"; };
		0B493A9B4412E6ACEF1DF5CE /* BlockingEngine.swift */ = {isa = PBXFileReference; lastKnownFileType = sourcecode.swift; path = BlockingEngine.swift; sourceTree = "<group>"; };
		11F336E2376512A5A09BAA16 /* Info.plist */ = {isa = PBXFileReference; lastKnownFileType = text.plist; path = Info.plist; sourceTree = "<group>"; };
		12C78B4527F59D699D95EA69 /* DashboardView.swift */ = {isa = PBXFileReference; lastKnownFileType = sourcecode.swift; path = DashboardView.swift; sourceTree = "<group>"; };
		1D8C2BF3EB1E5C2A78CA352B /* AppDependencies+Live.swift */ = {isa = PBXFileReference; lastKnownFileType = sourcecode.swift; path = "AppDependencies+Live.swift"; sourceTree = "<group>"; };
		1E7B1E5977DDCA3095F43430 /* PersistenceStore.swift */ = {isa = PBXFileReference; lastKnownFileType = sourcecode.swift; path = PersistenceStore.swift; sourceTree = "<group>"; };
		20030115AE19410F1CB31C87 /* AppDependencies.swift */ = {isa = PBXFileReference; lastKnownFileType = sourcecode.swift; path = AppDependencies.swift; sourceTree = "<group>"; };
		217273FCBD2B314DD5F6DB97 /* ShieldActionExtension.entitlements */ = {isa = PBXFileReference; lastKnownFileType = text.plist.entitlements; path = ShieldActionExtension.entitlements; sourceTree = "<group>"; };
		25B7B211DF274AE05760C11E /* Info.plist */ = {isa = PBXFileReference; lastKnownFileType = text.plist; path = Info.plist; sourceTree = "<group>"; };
		295A2BDDA79EC295EC174FDD /* FocusScoreCard.swift */ = {isa = PBXFileReference; lastKnownFileType = sourcecode.swift; path = FocusScoreCard.swift; sourceTree = "<group>"; };
		2C98439901996EBD355FA5E6 /* LockinFocusApp.swift */ = {isa = PBXFileReference; lastKnownFileType = sourcecode.swift; path = LockinFocusApp.swift; sourceTree = "<group>"; };
		2D89BBE650022E377B013D61 /* Info.plist */ = {isa = PBXFileReference; lastKnownFileType = text.plist; path = Info.plist; sourceTree = "<group>"; };
		2EC34718370D9DBDAD5004B5 /* AllowedAppsCard.swift */ = {isa = PBXFileReference; lastKnownFileType = sourcecode.swift; path = AllowedAppsCard.swift; sourceTree = "<group>"; };
		30B8BE7E92D981AB99567935 /* AppGroup.swift */ = {isa = PBXFileReference; lastKnownFileType = sourcecode.swift; path = AppGroup.swift; sourceTree = "<group>"; };
		312C4FD8B6F1F74B2701ACC7 /* SettingsView.swift */ = {isa = PBXFileReference; lastKnownFileType = sourcecode.swift; path = SettingsView.swift; sourceTree = "<group>"; };
		3AFDDD12B219434BC5E0D7C6 /* InterceptView.swift */ = {isa = PBXFileReference; lastKnownFileType = sourcecode.swift; path = InterceptView.swift; sourceTree = "<group>"; };
		3E98561A891720BA1268508C /* NoopBlockingEngine.swift */ = {isa = PBXFileReference; lastKnownFileType = sourcecode.swift; path = NoopBlockingEngine.swift; sourceTree = "<group>"; };
		47EB10BEBF04307CB751C5E3 /* AppSelectionView.swift */ = {isa = PBXFileReference; lastKnownFileType = sourcecode.swift; path = AppSelectionView.swift; sourceTree = "<group>"; };
		4D0CF2E38F552EFDDD527D5B /* PrimaryButton.swift */ = {isa = PBXFileReference; lastKnownFileType = sourcecode.swift; path = PrimaryButton.swift; sourceTree = "<group>"; };
		5D52573B47BF888347673235 /* NoopMonitoringEngine.swift */ = {isa = PBXFileReference; lastKnownFileType = sourcecode.swift; path = NoopMonitoringEngine.swift; sourceTree = "<group>"; };
		5E6E9C83DAEDDF5985FF50AC /* InMemoryPersistenceStore.swift */ = {isa = PBXFileReference; lastKnownFileType = sourcecode.swift; path = InMemoryPersistenceStore.swift; sourceTree = "<group>"; };
		602472ED29E475EA09BB034D /* SecondaryLinkButton.swift */ = {isa = PBXFileReference; lastKnownFileType = sourcecode.swift; path = SecondaryLinkButton.swift; sourceTree = "<group>"; };
		628039D4169A9DA2D47BC702 /* ManagedSettingsBlockingEngine.swift */ = {isa = PBXFileReference; lastKnownFileType = sourcecode.swift; path = ManagedSettingsBlockingEngine.swift; sourceTree = "<group>"; };
		64DCB7C6B83A9A92D0190785 /* Assets.xcassets */ = {isa = PBXFileReference; lastKnownFileType = folder.assetcatalog; path = Assets.xcassets; sourceTree = "<group>"; };
		749BEF23E0F08587B35F4C60 /* RootView.swift */ = {isa = PBXFileReference; lastKnownFileType = sourcecode.swift; path = RootView.swift; sourceTree = "<group>"; };
		74D1539DA2D384D2D62CC417 /* UserDefaultsPersistenceStore.swift */ = {isa = PBXFileReference; lastKnownFileType = sourcecode.swift; path = UserDefaultsPersistenceStore.swift; sourceTree = "<group>"; };
		77AD5ECDADC1030848A204EF /* NextScheduleCard.swift */ = {isa = PBXFileReference; lastKnownFileType = sourcecode.swift; path = NextScheduleCard.swift; sourceTree = "<group>"; };
		818F5F39328805D4299B7C0A /* ShieldConfigurationProvider.swift */ = {isa = PBXFileReference; lastKnownFileType = sourcecode.swift; path = ShieldConfigurationProvider.swift; sourceTree = "<group>"; };
		8EAE4332564C20753A82C570 /* Info.plist */ = {isa = PBXFileReference; lastKnownFileType = text.plist; path = Info.plist; sourceTree = "<group>"; };
		A0AF3C1C8AB416111F45B070 /* ExtensionAppGroup.swift */ = {isa = PBXFileReference; lastKnownFileType = sourcecode.swift; path = ExtensionAppGroup.swift; sourceTree = "<group>"; };
		A3229573037A43175F6707FD /* MonitoringEngine.swift */ = {isa = PBXFileReference; lastKnownFileType = sourcecode.swift; path = MonitoringEngine.swift; sourceTree = "<group>"; };
		A5FD3CF96E22F2F6DFE5EDCB /* ShieldActionExtension.appex */ = {isa = PBXFileReference; includeInIndex = 0; lastKnownFileType = "wrapper.app-extension"; path = ShieldActionExtension.appex; sourceTree = BUILT_PRODUCTS_DIR; };
		AB9C52BF72AE5B82CB91B430 /* DeviceActivityMonitorExtension.entitlements */ = {isa = PBXFileReference; lastKnownFileType = text.plist.entitlements; path = DeviceActivityMonitorExtension.entitlements; sourceTree = "<group>"; };
		B1BF834C282F98B0C0BC2D25 /* ShieldConfigurationExtension.entitlements */ = {isa = PBXFileReference; lastKnownFileType = text.plist.entitlements; path = ShieldConfigurationExtension.entitlements; sourceTree = "<group>"; };
		B21B03DBE1A6A641C55A2A60 /* DeviceActivityMonitorExtension.appex */ = {isa = PBXFileReference; includeInIndex = 0; lastKnownFileType = "wrapper.app-extension"; path = DeviceActivityMonitorExtension.appex; sourceTree = BUILT_PRODUCTS_DIR; };
		C0366439E43C7603508733E5 /* DeviceActivityMonitorExtension.swift */ = {isa = PBXFileReference; lastKnownFileType = sourcecode.swift; path = DeviceActivityMonitorExtension.swift; sourceTree = "<group>"; };
		C104BBA58BABF8B865454534 /* LockinFocus.entitlements */ = {isa = PBXFileReference; lastKnownFileType = text.plist.entitlements; path = LockinFocus.entitlements; sourceTree = "<group>"; };
		C1078C15B7FA34E4A0316FC2 /* AppColors.swift */ = {isa = PBXFileReference; lastKnownFileType = sourcecode.swift; path = AppColors.swift; sourceTree = "<group>"; };
		C4B2D87F644E569567E450FD /* ShieldConfigurationExtension.appex */ = {isa = PBXFileReference; includeInIndex = 0; lastKnownFileType = "wrapper.app-extension"; path = ShieldConfigurationExtension.appex; sourceTree = BUILT_PRODUCTS_DIR; };
		CD37ADA464FC5C7889B973DC /* Schedule.swift */ = {isa = PBXFileReference; lastKnownFileType = sourcecode.swift; path = Schedule.swift; sourceTree = "<group>"; };
		D23E9027F307D6A61CF49ADC /* LockinFocus.app */ = {isa = PBXFileReference; includeInIndex = 0; lastKnownFileType = wrapper.application; path = LockinFocus.app; sourceTree = BUILT_PRODUCTS_DIR; };
		D510AD77C91E399B077AEFF2 /* ShieldActionExtensionHandler.swift */ = {isa = PBXFileReference; lastKnownFileType = sourcecode.swift; path = ShieldActionExtensionHandler.swift; sourceTree = "<group>"; };
		D5750899AE35A97DD30F8754 /* DeviceActivityMonitoringEngine.swift */ = {isa = PBXFileReference; lastKnownFileType = sourcecode.swift; path = DeviceActivityMonitoringEngine.swift; sourceTree = "<group>"; };
		D5F6FDCAB053901C238ABF42 /* ValueStepView.swift */ = {isa = PBXFileReference; lastKnownFileType = sourcecode.swift; path = ValueStepView.swift; sourceTree = "<group>"; };
		D79F31DC7BC0D1A09FE9EF0A /* InterceptEvent.swift */ = {isa = PBXFileReference; lastKnownFileType = sourcecode.swift; path = InterceptEvent.swift; sourceTree = "<group>"; };
		D7D634F8479230A276E0C4C2 /* OnboardingContainerView.swift */ = {isa = PBXFileReference; lastKnownFileType = sourcecode.swift; path = OnboardingContainerView.swift; sourceTree = "<group>"; };
		DCD87A150B94B41D1B7A9A56 /* SystemPresetStepView.swift */ = {isa = PBXFileReference; lastKnownFileType = sourcecode.swift; path = SystemPresetStepView.swift; sourceTree = "<group>"; };
		DFAB627C6CEEA8F81B3715C5 /* ScheduleStepView.swift */ = {isa = PBXFileReference; lastKnownFileType = sourcecode.swift; path = ScheduleStepView.swift; sourceTree = "<group>"; };
		E49B4876E342317AB4383709 /* PersistenceKeys.swift */ = {isa = PBXFileReference; lastKnownFileType = sourcecode.swift; path = PersistenceKeys.swift; sourceTree = "<group>"; };
		F582104A00AAE1F741840688 /* AppPickerStepView.swift */ = {isa = PBXFileReference; lastKnownFileType = sourcecode.swift; path = AppPickerStepView.swift; sourceTree = "<group>"; };
		F79ABA2AFED8F1277D0C9967 /* AuthorizationStepView.swift */ = {isa = PBXFileReference; lastKnownFileType = sourcecode.swift; path = AuthorizationStepView.swift; sourceTree = "<group>"; };
/* End PBXFileReference section */

/* Begin PBXGroup section */
		154FEB8E745CB4595F212E2B /* Persistence */ = {
			isa = PBXGroup;
			children = (
				5E6E9C83DAEDDF5985FF50AC /* InMemoryPersistenceStore.swift */,
				E49B4876E342317AB4383709 /* PersistenceKeys.swift */,
				74D1539DA2D384D2D62CC417 /* UserDefaultsPersistenceStore.swift */,
			);
			path = Persistence;
			sourceTree = "<group>";
		};
		166D4E3B2E72ACCCDA2724C9 /* Intercept */ = {
			isa = PBXGroup;
			children = (
				3AFDDD12B219434BC5E0D7C6 /* InterceptView.swift */,
			);
			path = Intercept;
			sourceTree = "<group>";
		};
		1F1E64BAE54E72D138FE8027 /* Products */ = {
			isa = PBXGroup;
			children = (
				B21B03DBE1A6A641C55A2A60 /* DeviceActivityMonitorExtension.appex */,
				D23E9027F307D6A61CF49ADC /* LockinFocus.app */,
				A5FD3CF96E22F2F6DFE5EDCB /* ShieldActionExtension.appex */,
				C4B2D87F644E569567E450FD /* ShieldConfigurationExtension.appex */,
			);
			name = Products;
			sourceTree = "<group>";
		};
		3C768F9148C5C355DF63913F /* Dashboard */ = {
			isa = PBXGroup;
			children = (
				2EC34718370D9DBDAD5004B5 /* AllowedAppsCard.swift */,
				12C78B4527F59D699D95EA69 /* DashboardView.swift */,
				295A2BDDA79EC295EC174FDD /* FocusScoreCard.swift */,
				77AD5ECDADC1030848A204EF /* NextScheduleCard.swift */,
			);
			path = Dashboard;
			sourceTree = "<group>";
		};
		3E0E4531ECB3940ED0EC6E5F /* Features */ = {
			isa = PBXGroup;
			children = (
				CEC05F51B58AF11215A75537 /* AppSelection */,
				3C768F9148C5C355DF63913F /* Dashboard */,
				166D4E3B2E72ACCCDA2724C9 /* Intercept */,
				A3017E98B597B2BD03F50D78 /* Onboarding */,
				402C2FD4F1D34F97366F73B5 /* Schedule */,
				C118D6C595CC0603EC0724FA /* Settings */,
				7CECDEAD1B64EDF0FE7A889A /* Shared */,
			);
			path = Features;
			sourceTree = "<group>";
		};
		402C2FD4F1D34F97366F73B5 /* Schedule */ = {
			isa = PBXGroup;
			children = (
				09CACB2946DEE398B7959B5A /* ScheduleEditorView.swift */,
			);
			path = Schedule;
			sourceTree = "<group>";
		};
		45F6A644E56D55244F756396 /* Resources */ = {
			isa = PBXGroup;
			children = (
				64DCB7C6B83A9A92D0190785 /* Assets.xcassets */,
			);
			path = Resources;
			sourceTree = "<group>";
		};
		50862DDDA9AE6B04BB91592E /* ShieldConfigurationExtension */ = {
			isa = PBXGroup;
			children = (
				11F336E2376512A5A09BAA16 /* Info.plist */,
				B1BF834C282F98B0C0BC2D25 /* ShieldConfigurationExtension.entitlements */,
				818F5F39328805D4299B7C0A /* ShieldConfigurationProvider.swift */,
			);
			path = ShieldConfigurationExtension;
			sourceTree = "<group>";
		};
		5568A743921A9BE071028AA3 /* ShieldActionExtension */ = {
			isa = PBXGroup;
			children = (
				A0AF3C1C8AB416111F45B070 /* ExtensionAppGroup.swift */,
				2D89BBE650022E377B013D61 /* Info.plist */,
				217273FCBD2B314DD5F6DB97 /* ShieldActionExtension.entitlements */,
				D510AD77C91E399B077AEFF2 /* ShieldActionExtensionHandler.swift */,
			);
			path = ShieldActionExtension;
			sourceTree = "<group>";
		};
		5BEE7369C3A8F065A2658AC8 /* LockinFocus */ = {
			isa = PBXGroup;
			children = (
				25B7B211DF274AE05760C11E /* Info.plist */,
				C104BBA58BABF8B865454534 /* LockinFocus.entitlements */,
				DE23FD85505C70A4508F0B7B /* App */,
				E6FC87B1F954B95412E62D02 /* Core */,
				3E0E4531ECB3940ED0EC6E5F /* Features */,
				45F6A644E56D55244F756396 /* Resources */,
			);
			path = LockinFocus;
			sourceTree = "<group>";
		};
		7A2F23815ECD638DB9AD6DD8 /* MonitoringEngine */ = {
			isa = PBXGroup;
			children = (
				D5750899AE35A97DD30F8754 /* DeviceActivityMonitoringEngine.swift */,
				5D52573B47BF888347673235 /* NoopMonitoringEngine.swift */,
			);
			path = MonitoringEngine;
			sourceTree = "<group>";
		};
		7A41C26F6EE49BBC0461E994 /* BlockingEngine */ = {
			isa = PBXGroup;
			children = (
				628039D4169A9DA2D47BC702 /* ManagedSettingsBlockingEngine.swift */,
				3E98561A891720BA1268508C /* NoopBlockingEngine.swift */,
			);
			path = BlockingEngine;
			sourceTree = "<group>";
		};
		7A86D44B1A410BB0A2E3B3EF /* Models */ = {
			isa = PBXGroup;
			children = (
				D79F31DC7BC0D1A09FE9EF0A /* InterceptEvent.swift */,
				CD37ADA464FC5C7889B973DC /* Schedule.swift */,
			);
			path = Models;
			sourceTree = "<group>";
		};
		7CECDEAD1B64EDF0FE7A889A /* Shared */ = {
			isa = PBXGroup;
			children = (
				4D0CF2E38F552EFDDD527D5B /* PrimaryButton.swift */,
				602472ED29E475EA09BB034D /* SecondaryLinkButton.swift */,
			);
			path = Shared;
			sourceTree = "<group>";
		};
		8839DC326E472E0811EB85F8 /* Protocols */ = {
			isa = PBXGroup;
			children = (
				0B493A9B4412E6ACEF1DF5CE /* BlockingEngine.swift */,
				A3229573037A43175F6707FD /* MonitoringEngine.swift */,
				1E7B1E5977DDCA3095F43430 /* PersistenceStore.swift */,
			);
			path = Protocols;
			sourceTree = "<group>";
		};
		8AFA19B6F41D40D945903C65 /* Shared */ = {
			isa = PBXGroup;
			children = (
				30B8BE7E92D981AB99567935 /* AppGroup.swift */,
			);
			path = Shared;
			sourceTree = "<group>";
		};
		9FE3D2631F5904E3E581AAE6 /* DI */ = {
			isa = PBXGroup;
			children = (
				20030115AE19410F1CB31C87 /* AppDependencies.swift */,
				1D8C2BF3EB1E5C2A78CA352B /* AppDependencies+Live.swift */,
			);
			path = DI;
			sourceTree = "<group>";
		};
		A3017E98B597B2BD03F50D78 /* Onboarding */ = {
			isa = PBXGroup;
			children = (
				D7D634F8479230A276E0C4C2 /* OnboardingContainerView.swift */,
				B9EBE1210F3D47C608DF813E /* Steps */,
			);
			path = Onboarding;
			sourceTree = "<group>";
		};
		B9EBE1210F3D47C608DF813E /* Steps */ = {
			isa = PBXGroup;
			children = (
				F582104A00AAE1F741840688 /* AppPickerStepView.swift */,
				F79ABA2AFED8F1277D0C9967 /* AuthorizationStepView.swift */,
				DFAB627C6CEEA8F81B3715C5 /* ScheduleStepView.swift */,
				DCD87A150B94B41D1B7A9A56 /* SystemPresetStepView.swift */,
				D5F6FDCAB053901C238ABF42 /* ValueStepView.swift */,
			);
			path = Steps;
			sourceTree = "<group>";
		};
		BF09EFAAC68DDEB6999A9FE2 = {
			isa = PBXGroup;
			children = (
				FE3312D7B9AEA5BF540F8F42 /* DeviceActivityMonitorExtension */,
				5BEE7369C3A8F065A2658AC8 /* LockinFocus */,
				5568A743921A9BE071028AA3 /* ShieldActionExtension */,
				50862DDDA9AE6B04BB91592E /* ShieldConfigurationExtension */,
				1F1E64BAE54E72D138FE8027 /* Products */,
			);
			sourceTree = "<group>";
		};
		C118D6C595CC0603EC0724FA /* Settings */ = {
			isa = PBXGroup;
			children = (
				312C4FD8B6F1F74B2701ACC7 /* SettingsView.swift */,
			);
			path = Settings;
			sourceTree = "<group>";
		};
		CEC05F51B58AF11215A75537 /* AppSelection */ = {
			isa = PBXGroup;
			children = (
				47EB10BEBF04307CB751C5E3 /* AppSelectionView.swift */,
			);
			path = AppSelection;
			sourceTree = "<group>";
		};
		D570858CF910F8D4A1A2B28E /* Theme */ = {
			isa = PBXGroup;
			children = (
				C1078C15B7FA34E4A0316FC2 /* AppColors.swift */,
			);
			path = Theme;
			sourceTree = "<group>";
		};
		DE23FD85505C70A4508F0B7B /* App */ = {
			isa = PBXGroup;
			children = (
				2C98439901996EBD355FA5E6 /* LockinFocusApp.swift */,
				749BEF23E0F08587B35F4C60 /* RootView.swift */,
			);
			path = App;
			sourceTree = "<group>";
		};
		E6FC87B1F954B95412E62D02 /* Core */ = {
			isa = PBXGroup;
			children = (
				7A41C26F6EE49BBC0461E994 /* BlockingEngine */,
				9FE3D2631F5904E3E581AAE6 /* DI */,
				7A86D44B1A410BB0A2E3B3EF /* Models */,
				7A2F23815ECD638DB9AD6DD8 /* MonitoringEngine */,
				154FEB8E745CB4595F212E2B /* Persistence */,
				8839DC326E472E0811EB85F8 /* Protocols */,
				8AFA19B6F41D40D945903C65 /* Shared */,
				D570858CF910F8D4A1A2B28E /* Theme */,
			);
			path = Core;
			sourceTree = "<group>";
		};
		FE3312D7B9AEA5BF540F8F42 /* DeviceActivityMonitorExtension */ = {
			isa = PBXGroup;
			children = (
				AB9C52BF72AE5B82CB91B430 /* DeviceActivityMonitorExtension.entitlements */,
				C0366439E43C7603508733E5 /* DeviceActivityMonitorExtension.swift */,
				8EAE4332564C20753A82C570 /* Info.plist */,
			);
			path = DeviceActivityMonitorExtension;
			sourceTree = "<group>";
		};
/* End PBXGroup section */

/* Begin PBXNativeTarget section */
		3169D889DAFA1ED17F275495 /* DeviceActivityMonitorExtension */ = {
			isa = PBXNativeTarget;
			buildConfigurationList = 742574D79BAA6C0E746A4021 /* Build configuration list for PBXNativeTarget "DeviceActivityMonitorExtension" */;
			buildPhases = (
				36830F22E4DAF61BF70E4806 /* Sources */,
			);
			buildRules = (
			);
			dependencies = (
			);
			name = DeviceActivityMonitorExtension;
			packageProductDependencies = (
			);
			productName = DeviceActivityMonitorExtension;
			productReference = B21B03DBE1A6A641C55A2A60 /* DeviceActivityMonitorExtension.appex */;
			productType = "com.apple.product-type.app-extension";
		};
		5556ADC12CE1A0A296D97A1E /* ShieldConfigurationExtension */ = {
			isa = PBXNativeTarget;
			buildConfigurationList = 36BB06ADF8435F6680F2618E /* Build configuration list for PBXNativeTarget "ShieldConfigurationExtension" */;
			buildPhases = (
				34D291FD98E15EDF6568C4A0 /* Sources */,
			);
			buildRules = (
			);
			dependencies = (
			);
			name = ShieldConfigurationExtension;
			packageProductDependencies = (
			);
			productName = ShieldConfigurationExtension;
			productReference = C4B2D87F644E569567E450FD /* ShieldConfigurationExtension.appex */;
			productType = "com.apple.product-type.app-extension";
		};
		8777F31CC6233B0D6ADB9F7D /* ShieldActionExtension */ = {
			isa = PBXNativeTarget;
			buildConfigurationList = F2D02E9CBFF0213D04079FA7 /* Build configuration list for PBXNativeTarget "ShieldActionExtension" */;
			buildPhases = (
				4906732F6DE2514A5AD013C7 /* Sources */,
			);
			buildRules = (
			);
			dependencies = (
			);
			name = ShieldActionExtension;
			packageProductDependencies = (
			);
			productName = ShieldActionExtension;
			productReference = A5FD3CF96E22F2F6DFE5EDCB /* ShieldActionExtension.appex */;
			productType = "com.apple.product-type.app-extension";
		};
		EC95E8EF2664728EE282870F /* LockinFocus */ = {
			isa = PBXNativeTarget;
			buildConfigurationList = A03445BF9E3DE697C4781FC5 /* Build configuration list for PBXNativeTarget "LockinFocus" */;
			buildPhases = (
				628699E84607619D608933C5 /* Sources */,
				B9125175383468D83FCD9BEA /* Resources */,
				DC0948E32E72934B0EDDD28A /* Embed Foundation Extensions */,
			);
			buildRules = (
			);
			dependencies = (
				CF5310E7E0FB01F4F8B9586B /* PBXTargetDependency */,
				8948E21681CB1C63BC5717CB /* PBXTargetDependency */,
				878FE19E9B64509BA7AFB75E /* PBXTargetDependency */,
			);
			name = LockinFocus;
			packageProductDependencies = (
			);
			productName = LockinFocus;
			productReference = D23E9027F307D6A61CF49ADC /* LockinFocus.app */;
			productType = "com.apple.product-type.application";
		};
/* End PBXNativeTarget section */

/* Begin PBXProject section */
		7B3D31C5B089A4B068D75314 /* Project object */ = {
			isa = PBXProject;
			attributes = {
				BuildIndependentTargetsInParallel = YES;
				LastUpgradeCheck = 1500;
				TargetAttributes = {
					3169D889DAFA1ED17F275495 = {
						DevelopmentTeam = "";
						ProvisioningStyle = Automatic;
					};
					5556ADC12CE1A0A296D97A1E = {
						DevelopmentTeam = "";
						ProvisioningStyle = Automatic;
					};
					8777F31CC6233B0D6ADB9F7D = {
						DevelopmentTeam = "";
						ProvisioningStyle = Automatic;
					};
					EC95E8EF2664728EE282870F = {
						DevelopmentTeam = "";
						ProvisioningStyle = Automatic;
					};
				};
			};
			buildConfigurationList = C65EC4F39BDA80A55CE0DDFF /* Build configuration list for PBXProject "LockinFocus" */;
			developmentRegion = en;
			hasScannedForEncodings = 0;
			knownRegions = (
				Base,
				en,
			);
			mainGroup = BF09EFAAC68DDEB6999A9FE2;
			minimizedProjectReferenceProxies = 1;
			preferredProjectObjectVersion = 77;
			productRefGroup = 1F1E64BAE54E72D138FE8027 /* Products */;
			projectDirPath = "";
			projectRoot = "";
			targets = (
				3169D889DAFA1ED17F275495 /* DeviceActivityMonitorExtension */,
				EC95E8EF2664728EE282870F /* LockinFocus */,
				8777F31CC6233B0D6ADB9F7D /* ShieldActionExtension */,
				5556ADC12CE1A0A296D97A1E /* ShieldConfigurationExtension */,
			);
		};
/* End PBXProject section */

/* Begin PBXResourcesBuildPhase section */
		B9125175383468D83FCD9BEA /* Resources */ = {
			isa = PBXResourcesBuildPhase;
			buildActionMask = 2147483647;
			files = (
				6C9FB985622F2E3DA37EA0B4 /* Assets.xcassets in Resources */,
			);
			runOnlyForDeploymentPostprocessing = 0;
		};
/* End PBXResourcesBuildPhase section */

/* Begin PBXSourcesBuildPhase section */
		34D291FD98E15EDF6568C4A0 /* Sources */ = {
			isa = PBXSourcesBuildPhase;
			buildActionMask = 2147483647;
			files = (
				10C18ED3BA5D207FBD3F1051 /* ShieldConfigurationProvider.swift in Sources */,
			);
			runOnlyForDeploymentPostprocessing = 0;
		};
		36830F22E4DAF61BF70E4806 /* Sources */ = {
			isa = PBXSourcesBuildPhase;
			buildActionMask = 2147483647;
			files = (
				64B2478D22AF15DAF5464A65 /* DeviceActivityMonitorExtension.swift in Sources */,
			);
			runOnlyForDeploymentPostprocessing = 0;
		};
		4906732F6DE2514A5AD013C7 /* Sources */ = {
			isa = PBXSourcesBuildPhase;
			buildActionMask = 2147483647;
			files = (
				C0E0119CDC4634E19C816FF6 /* ExtensionAppGroup.swift in Sources */,
				29C56DD996F19DB60E2ED59A /* ShieldActionExtensionHandler.swift in Sources */,
			);
			runOnlyForDeploymentPostprocessing = 0;
		};
		628699E84607619D608933C5 /* Sources */ = {
			isa = PBXSourcesBuildPhase;
			buildActionMask = 2147483647;
			files = (
				F96DB2B2C6603B8E709293BB /* AllowedAppsCard.swift in Sources */,
				12752E27337E1CEA91A0C596 /* AppColors.swift in Sources */,
				EB8CDD8D374E862BC4E4E232 /* AppDependencies+Live.swift in Sources */,
				B8388129C92E770E27A621C3 /* AppDependencies.swift in Sources */,
				4A8BFAB4BBAF79952F58C636 /* AppGroup.swift in Sources */,
				1C6243ABC5EF8F5F8997149F /* AppPickerStepView.swift in Sources */,
				D619D9EC23F6AE1C4D76F9D4 /* AppSelectionView.swift in Sources */,
				534327B8530619B9CEB3BEA3 /* AuthorizationStepView.swift in Sources */,
				C70A9B22099EB5DDB948F0B4 /* BlockingEngine.swift in Sources */,
				77FA946FD4B7924EFA9B9A6B /* DashboardView.swift in Sources */,
				B749D701269FDF99AAC6D22B /* DeviceActivityMonitoringEngine.swift in Sources */,
				71D90CAEFBE9D462D47F33BA /* FocusScoreCard.swift in Sources */,
				9A10EC44DF5A8B68FCCB9808 /* InMemoryPersistenceStore.swift in Sources */,
				7E615D3F8B44901457020ECF /* InterceptEvent.swift in Sources */,
				D5AE20AB3517B60B9A48F812 /* InterceptView.swift in Sources */,
				10968BDE652908473BF2C9B0 /* LockinFocusApp.swift in Sources */,
				236CCA3D4F5FC447D9885EE9 /* ManagedSettingsBlockingEngine.swift in Sources */,
				15A2572B233A4B00C51B4DED /* MonitoringEngine.swift in Sources */,
				05FDAEC033E4DCC0DF29567B /* NextScheduleCard.swift in Sources */,
				103F3EE57604C510F0A388BE /* NoopBlockingEngine.swift in Sources */,
				2D38E23C2603AB9D12F69426 /* NoopMonitoringEngine.swift in Sources */,
				C87365B84FA412A015C6B684 /* OnboardingContainerView.swift in Sources */,
				3C304CF359FD3B6CAD2536AE /* PersistenceKeys.swift in Sources */,
				2BF33A4516412E2DA79A7A82 /* PersistenceStore.swift in Sources */,
				E4F139715842E283EF4AA863 /* PrimaryButton.swift in Sources */,
				77ABD5DFA6C9FA330FAA4EE2 /* RootView.swift in Sources */,
				D52A2858B5099E931374A6C1 /* Schedule.swift in Sources */,
				073D9557E253F67F0F68EF7F /* ScheduleEditorView.swift in Sources */,
				5ADB81EF4E1557A05E1BC220 /* ScheduleStepView.swift in Sources */,
				9132B7BD9976599A5BCDF218 /* SecondaryLinkButton.swift in Sources */,
				284EC66ED4379A53492ABFBD /* SettingsView.swift in Sources */,
				C97D75BF6A1801E6E1601913 /* SystemPresetStepView.swift in Sources */,
				2C23D02DF5918E02867EC485 /* UserDefaultsPersistenceStore.swift in Sources */,
				46D1B9D0F3B3804A178B1379 /* ValueStepView.swift in Sources */,
			);
			runOnlyForDeploymentPostprocessing = 0;
		};
/* End PBXSourcesBuildPhase section */

/* Begin PBXTargetDependency section */
		878FE19E9B64509BA7AFB75E /* PBXTargetDependency */ = {
			isa = PBXTargetDependency;
			target = 8777F31CC6233B0D6ADB9F7D /* ShieldActionExtension */;
			targetProxy = D3074F401C86DCD555DD4007 /* PBXContainerItemProxy */;
		};
		8948E21681CB1C63BC5717CB /* PBXTargetDependency */ = {
			isa = PBXTargetDependency;
			target = 5556ADC12CE1A0A296D97A1E /* ShieldConfigurationExtension */;
			targetProxy = 3B38082943CA2135B4071D5C /* PBXContainerItemProxy */;
		};
		CF5310E7E0FB01F4F8B9586B /* PBXTargetDependency */ = {
			isa = PBXTargetDependency;
			target = 3169D889DAFA1ED17F275495 /* DeviceActivityMonitorExtension */;
			targetProxy = 8C14716C6374FD9E622611C2 /* PBXContainerItemProxy */;
		};
/* End PBXTargetDependency section */

/* Begin XCBuildConfiguration section */
		05E7D6E24423EEDD43304B46 /* Debug */ = {
			isa = XCBuildConfiguration;
			buildSettings = {
				ASSETCATALOG_COMPILER_APPICON_NAME = AppIcon;
				ASSETCATALOG_COMPILER_GLOBAL_ACCENT_COLOR_NAME = AccentColor;
				CODE_SIGN_ENTITLEMENTS = LockinFocus/LockinFocus.entitlements;
				CODE_SIGN_IDENTITY = "iPhone Developer";
				INFOPLIST_FILE = LockinFocus/Info.plist;
				LD_RUNPATH_SEARCH_PATHS = (
					"$(inherited)",
					"@executable_path/Frameworks",
				);
				PRODUCT_BUNDLE_IDENTIFIER = com.imurmkj.LockinFocus;
				PRODUCT_NAME = LockinFocus;
				SDKROOT = iphoneos;
				SUPPORTS_MACCATALYST = NO;
				TARGETED_DEVICE_FAMILY = "1,2";
			};
			name = Debug;
		};
		086B737C8A8DFFF25B64151C /* Debug */ = {
			isa = XCBuildConfiguration;
			buildSettings = {
				CODE_SIGN_ENTITLEMENTS = DeviceActivityMonitorExtension/DeviceActivityMonitorExtension.entitlements;
				INFOPLIST_FILE = DeviceActivityMonitorExtension/Info.plist;
				LD_RUNPATH_SEARCH_PATHS = (
					"$(inherited)",
					"@executable_path/Frameworks",
					"@executable_path/../../Frameworks",
				);
				PRODUCT_BUNDLE_IDENTIFIER = com.imurmkj.LockinFocus.DeviceActivityMonitorExtension;
				PRODUCT_NAME = DeviceActivityMonitorExtension;
				SDKROOT = iphoneos;
				SKIP_INSTALL = YES;
				TARGETED_DEVICE_FAMILY = "1,2";
			};
			name = Debug;
		};
		0C83998E8FCE6F8987121013 /* Release */ = {
			isa = XCBuildConfiguration;
			buildSettings = {
				ASSETCATALOG_COMPILER_APPICON_NAME = AppIcon;
				ASSETCATALOG_COMPILER_GLOBAL_ACCENT_COLOR_NAME = AccentColor;
				CODE_SIGN_ENTITLEMENTS = LockinFocus/LockinFocus.entitlements;
				CODE_SIGN_IDENTITY = "iPhone Developer";
				INFOPLIST_FILE = LockinFocus/Info.plist;
				LD_RUNPATH_SEARCH_PATHS = (
					"$(inherited)",
					"@executable_path/Frameworks",
				);
				PRODUCT_BUNDLE_IDENTIFIER = com.imurmkj.LockinFocus;
				PRODUCT_NAME = LockinFocus;
				SDKROOT = iphoneos;
				SUPPORTS_MACCATALYST = NO;
				TARGETED_DEVICE_FAMILY = "1,2";
			};
			name = Release;
		};
		1B09D978FF35AB6EE8C1A5F7 /* Release */ = {
			isa = XCBuildConfiguration;
			buildSettings = {
				CODE_SIGN_ENTITLEMENTS = DeviceActivityMonitorExtension/DeviceActivityMonitorExtension.entitlements;
				INFOPLIST_FILE = DeviceActivityMonitorExtension/Info.plist;
				LD_RUNPATH_SEARCH_PATHS = (
					"$(inherited)",
					"@executable_path/Frameworks",
					"@executable_path/../../Frameworks",
				);
				PRODUCT_BUNDLE_IDENTIFIER = com.imurmkj.LockinFocus.DeviceActivityMonitorExtension;
				PRODUCT_NAME = DeviceActivityMonitorExtension;
				SDKROOT = iphoneos;
				SKIP_INSTALL = YES;
				TARGETED_DEVICE_FAMILY = "1,2";
			};
			name = Release;
		};
		39E6B19185C2ABAA37FE3723 /* Release */ = {
			isa = XCBuildConfiguration;
			buildSettings = {
				ALWAYS_SEARCH_USER_PATHS = NO;
				CLANG_ANALYZER_NONNULL = YES;
				CLANG_ANALYZER_NUMBER_OBJECT_CONVERSION = YES_AGGRESSIVE;
				CLANG_CXX_LANGUAGE_STANDARD = "gnu++14";
				CLANG_CXX_LIBRARY = "libc++";
				CLANG_ENABLE_MODULES = YES;
				CLANG_ENABLE_OBJC_ARC = YES;
				CLANG_ENABLE_OBJC_WEAK = YES;
				CLANG_WARN_BLOCK_CAPTURE_AUTORELEASING = YES;
				CLANG_WARN_BOOL_CONVERSION = YES;
				CLANG_WARN_COMMA = YES;
				CLANG_WARN_CONSTANT_CONVERSION = YES;
				CLANG_WARN_DEPRECATED_OBJC_IMPLEMENTATIONS = YES;
				CLANG_WARN_DIRECT_OBJC_ISA_USAGE = YES_ERROR;
				CLANG_WARN_DOCUMENTATION_COMMENTS = YES;
				CLANG_WARN_EMPTY_BODY = YES;
				CLANG_WARN_ENUM_CONVERSION = YES;
				CLANG_WARN_INFINITE_RECURSION = YES;
				CLANG_WARN_INT_CONVERSION = YES;
				CLANG_WARN_NON_LITERAL_NULL_CONVERSION = YES;
				CLANG_WARN_OBJC_IMPLICIT_RETAIN_SELF = YES;
				CLANG_WARN_OBJC_LITERAL_CONVERSION = YES;
				CLANG_WARN_OBJC_ROOT_CLASS = YES_ERROR;
				CLANG_WARN_QUOTED_INCLUDE_IN_FRAMEWORK_HEADER = YES;
				CLANG_WARN_RANGE_LOOP_ANALYSIS = YES;
				CLANG_WARN_STRICT_PROTOTYPES = YES;
				CLANG_WARN_SUSPICIOUS_MOVE = YES;
				CLANG_WARN_UNGUARDED_AVAILABILITY = YES_AGGRESSIVE;
				CLANG_WARN_UNREACHABLE_CODE = YES;
				CLANG_WARN__DUPLICATE_METHOD_MATCH = YES;
				CODE_SIGN_STYLE = Automatic;
				COPY_PHASE_STRIP = NO;
				CURRENT_PROJECT_VERSION = 1;
				DEBUG_INFORMATION_FORMAT = "dwarf-with-dsym";
				DEVELOPMENT_TEAM = "";
				ENABLE_NS_ASSERTIONS = NO;
				ENABLE_STRICT_OBJC_MSGSEND = YES;
				ENABLE_USER_SCRIPT_SANDBOXING = NO;
				GCC_C_LANGUAGE_STANDARD = gnu11;
				GCC_NO_COMMON_BLOCKS = YES;
				GCC_WARN_64_TO_32_BIT_CONVERSION = YES;
				GCC_WARN_ABOUT_RETURN_TYPE = YES_ERROR;
				GCC_WARN_UNDECLARED_SELECTOR = YES;
				GCC_WARN_UNINITIALIZED_AUTOS = YES_AGGRESSIVE;
				GCC_WARN_UNUSED_FUNCTION = YES;
				GCC_WARN_UNUSED_VARIABLE = YES;
				IPHONEOS_DEPLOYMENT_TARGET = 16.0;
				MARKETING_VERSION = 1.0;
				MTL_ENABLE_DEBUG_INFO = NO;
				MTL_FAST_MATH = YES;
				PRODUCT_NAME = "$(TARGET_NAME)";
				SDKROOT = iphoneos;
				SWIFT_COMPILATION_MODE = wholemodule;
				SWIFT_OPTIMIZATION_LEVEL = "-O";
				SWIFT_VERSION = 5.9;
			};
			name = Release;
		};
		44CA19146F9B7DC41F538624 /* Debug */ = {
			isa = XCBuildConfiguration;
			buildSettings = {
				CODE_SIGN_ENTITLEMENTS = ShieldActionExtension/ShieldActionExtension.entitlements;
				INFOPLIST_FILE = ShieldActionExtension/Info.plist;
				LD_RUNPATH_SEARCH_PATHS = (
					"$(inherited)",
					"@executable_path/Frameworks",
					"@executable_path/../../Frameworks",
				);
				PRODUCT_BUNDLE_IDENTIFIER = com.imurmkj.LockinFocus.ShieldActionExtension;
				PRODUCT_NAME = ShieldActionExtension;
				SDKROOT = iphoneos;
				SKIP_INSTALL = YES;
				TARGETED_DEVICE_FAMILY = "1,2";
			};
			name = Debug;
		};
		9E5EA491B14BAA144D288F3B /* Release */ = {
			isa = XCBuildConfiguration;
			buildSettings = {
				CODE_SIGN_ENTITLEMENTS = ShieldConfigurationExtension/ShieldConfigurationExtension.entitlements;
				INFOPLIST_FILE = ShieldConfigurationExtension/Info.plist;
				LD_RUNPATH_SEARCH_PATHS = (
					"$(inherited)",
					"@executable_path/Frameworks",
					"@executable_path/../../Frameworks",
				);
				PRODUCT_BUNDLE_IDENTIFIER = com.imurmkj.LockinFocus.ShieldConfigurationExtension;
				PRODUCT_NAME = ShieldConfigurationExtension;
				SDKROOT = iphoneos;
				SKIP_INSTALL = YES;
				TARGETED_DEVICE_FAMILY = "1,2";
			};
			name = Release;
		};
		ACD45236987214BECCB75258 /* Release */ = {
			isa = XCBuildConfiguration;
			buildSettings = {
				CODE_SIGN_ENTITLEMENTS = ShieldActionExtension/ShieldActionExtension.entitlements;
				INFOPLIST_FILE = ShieldActionExtension/Info.plist;
				LD_RUNPATH_SEARCH_PATHS = (
					"$(inherited)",
					"@executable_path/Frameworks",
					"@executable_path/../../Frameworks",
				);
				PRODUCT_BUNDLE_IDENTIFIER = com.imurmkj.LockinFocus.ShieldActionExtension;
				PRODUCT_NAME = ShieldActionExtension;
				SDKROOT = iphoneos;
				SKIP_INSTALL = YES;
				TARGETED_DEVICE_FAMILY = "1,2";
			};
			name = Release;
		};
		B40EB14F8742E4819FC62440 /* Debug */ = {
			isa = XCBuildConfiguration;
			buildSettings = {
				CODE_SIGN_ENTITLEMENTS = ShieldConfigurationExtension/ShieldConfigurationExtension.entitlements;
				INFOPLIST_FILE = ShieldConfigurationExtension/Info.plist;
				LD_RUNPATH_SEARCH_PATHS = (
					"$(inherited)",
					"@executable_path/Frameworks",
					"@executable_path/../../Frameworks",
				);
				PRODUCT_BUNDLE_IDENTIFIER = com.imurmkj.LockinFocus.ShieldConfigurationExtension;
				PRODUCT_NAME = ShieldConfigurationExtension;
				SDKROOT = iphoneos;
				SKIP_INSTALL = YES;
				TARGETED_DEVICE_FAMILY = "1,2";
			};
			name = Debug;
		};
		C37E4CCA8FCB89A4352FDA7A /* Debug */ = {
			isa = XCBuildConfiguration;
			buildSettings = {
				ALWAYS_SEARCH_USER_PATHS = NO;
				CLANG_ANALYZER_NONNULL = YES;
				CLANG_ANALYZER_NUMBER_OBJECT_CONVERSION = YES_AGGRESSIVE;
				CLANG_CXX_LANGUAGE_STANDARD = "gnu++14";
				CLANG_CXX_LIBRARY = "libc++";
				CLANG_ENABLE_MODULES = YES;
				CLANG_ENABLE_OBJC_ARC = YES;
				CLANG_ENABLE_OBJC_WEAK = YES;
				CLANG_WARN_BLOCK_CAPTURE_AUTORELEASING = YES;
				CLANG_WARN_BOOL_CONVERSION = YES;
				CLANG_WARN_COMMA = YES;
				CLANG_WARN_CONSTANT_CONVERSION = YES;
				CLANG_WARN_DEPRECATED_OBJC_IMPLEMENTATIONS = YES;
				CLANG_WARN_DIRECT_OBJC_ISA_USAGE = YES_ERROR;
				CLANG_WARN_DOCUMENTATION_COMMENTS = YES;
				CLANG_WARN_EMPTY_BODY = YES;
				CLANG_WARN_ENUM_CONVERSION = YES;
				CLANG_WARN_INFINITE_RECURSION = YES;
				CLANG_WARN_INT_CONVERSION = YES;
				CLANG_WARN_NON_LITERAL_NULL_CONVERSION = YES;
				CLANG_WARN_OBJC_IMPLICIT_RETAIN_SELF = YES;
				CLANG_WARN_OBJC_LITERAL_CONVERSION = YES;
				CLANG_WARN_OBJC_ROOT_CLASS = YES_ERROR;
				CLANG_WARN_QUOTED_INCLUDE_IN_FRAMEWORK_HEADER = YES;
				CLANG_WARN_RANGE_LOOP_ANALYSIS = YES;
				CLANG_WARN_STRICT_PROTOTYPES = YES;
				CLANG_WARN_SUSPICIOUS_MOVE = YES;
				CLANG_WARN_UNGUARDED_AVAILABILITY = YES_AGGRESSIVE;
				CLANG_WARN_UNREACHABLE_CODE = YES;
				CLANG_WARN__DUPLICATE_METHOD_MATCH = YES;
				CODE_SIGN_STYLE = Automatic;
				COPY_PHASE_STRIP = NO;
				CURRENT_PROJECT_VERSION = 1;
				DEBUG_INFORMATION_FORMAT = dwarf;
				DEVELOPMENT_TEAM = "";
				ENABLE_STRICT_OBJC_MSGSEND = YES;
				ENABLE_TESTABILITY = YES;
				ENABLE_USER_SCRIPT_SANDBOXING = NO;
				GCC_C_LANGUAGE_STANDARD = gnu11;
				GCC_DYNAMIC_NO_PIC = NO;
				GCC_NO_COMMON_BLOCKS = YES;
				GCC_OPTIMIZATION_LEVEL = 0;
				GCC_PREPROCESSOR_DEFINITIONS = (
					"$(inherited)",
					"DEBUG=1",
				);
				GCC_WARN_64_TO_32_BIT_CONVERSION = YES;
				GCC_WARN_ABOUT_RETURN_TYPE = YES_ERROR;
				GCC_WARN_UNDECLARED_SELECTOR = YES;
				GCC_WARN_UNINITIALIZED_AUTOS = YES_AGGRESSIVE;
				GCC_WARN_UNUSED_FUNCTION = YES;
				GCC_WARN_UNUSED_VARIABLE = YES;
				IPHONEOS_DEPLOYMENT_TARGET = 16.0;
				MARKETING_VERSION = 1.0;
				MTL_ENABLE_DEBUG_INFO = INCLUDE_SOURCE;
				MTL_FAST_MATH = YES;
				ONLY_ACTIVE_ARCH = YES;
				PRODUCT_NAME = "$(TARGET_NAME)";
				SDKROOT = iphoneos;
				SWIFT_ACTIVE_COMPILATION_CONDITIONS = DEBUG;
				SWIFT_OPTIMIZATION_LEVEL = "-Onone";
				SWIFT_VERSION = 5.9;
			};
			name = Debug;
		};
/* End XCBuildConfiguration section */

/* Begin XCConfigurationList section */
		36BB06ADF8435F6680F2618E /* Build configuration list for PBXNativeTarget "ShieldConfigurationExtension" */ = {
			isa = XCConfigurationList;
			buildConfigurations = (
				B40EB14F8742E4819FC62440 /* Debug */,
				9E5EA491B14BAA144D288F3B /* Release */,
			);
			defaultConfigurationIsVisible = 0;
			defaultConfigurationName = Debug;
		};
		742574D79BAA6C0E746A4021 /* Build configuration list for PBXNativeTarget "DeviceActivityMonitorExtension" */ = {
			isa = XCConfigurationList;
			buildConfigurations = (
				086B737C8A8DFFF25B64151C /* Debug */,
				1B09D978FF35AB6EE8C1A5F7 /* Release */,
			);
			defaultConfigurationIsVisible = 0;
			defaultConfigurationName = Debug;
		};
		A03445BF9E3DE697C4781FC5 /* Build configuration list for PBXNativeTarget "LockinFocus" */ = {
			isa = XCConfigurationList;
			buildConfigurations = (
				05E7D6E24423EEDD43304B46 /* Debug */,
				0C83998E8FCE6F8987121013 /* Release */,
			);
			defaultConfigurationIsVisible = 0;
			defaultConfigurationName = Debug;
		};
		C65EC4F39BDA80A55CE0DDFF /* Build configuration list for PBXProject "LockinFocus" */ = {
			isa = XCConfigurationList;
			buildConfigurations = (
				C37E4CCA8FCB89A4352FDA7A /* Debug */,
				39E6B19185C2ABAA37FE3723 /* Release */,
			);
			defaultConfigurationIsVisible = 0;
			defaultConfigurationName = Debug;
		};
		F2D02E9CBFF0213D04079FA7 /* Build configuration list for PBXNativeTarget "ShieldActionExtension" */ = {
			isa = XCConfigurationList;
			buildConfigurations = (
				44CA19146F9B7DC41F538624 /* Debug */,
				ACD45236987214BECCB75258 /* Release */,
			);
			defaultConfigurationIsVisible = 0;
			defaultConfigurationName = Debug;
		};
/* End XCConfigurationList section */
	};
	rootObject = 7B3D31C5B089A4B068D75314 /* Project object */;
}
